{
  "name": "catalog-creator",
  "version": "1.0.0",
  "lockfileVersion": 1,
  "requires": true,
  "dependencies": {
    "debug": {
      "version": "4.1.0",
      "resolved": "https://registry.npmjs.org/debug/-/debug-4.1.0.tgz",
      "integrity": "sha512-heNPJUJIqC+xB6ayLAMHaIrmN9HKa7aQO8MGqKpvCA+uJYVcvR6l5kgdrhRuwPFHU7P5/A1w0BjByPHwpfTDKg=="
    },
    "kefir": {
      "version": "3.8.5",
      "resolved": "https://registry.npmjs.org/kefir/-/kefir-3.8.5.tgz",
      "integrity": "sha512-u4UxHyIvdOOM62Y/yAtYPeYEg/yUfwl5/QF3ksrTRxEdhpa7LAFChntZxVqbcf0gCGblZzL/JnV/gZYWOps3Qw=="
    },
    "lodash": {
      "version": "4.17.13",
      "resolved": "https://registry.npmjs.org/lodash/-/lodash-4.17.13.tgz",
      "integrity": "sha512-vm3/XWXfWtRua0FkUyEHBZy8kCPjErNBT9fJx8Zvs+U6zjqPbTUOpkaoum3O5uiA8sm+yNMHXfYkTUHFoMxFNA=="
    },
    "mustache": {
      "version": "3.0.1",
      "resolved": "https://registry.npmjs.org/mustache/-/mustache-3.0.1.tgz",
      "integrity": "sha512-jFI/4UVRsRYdUbuDTKT7KzfOp7FiD5WzYmmwNwXyUVypC0xjoTL78Fqc0jHUPIvvGD+6DQSPHIt1NE7D1ArsqA=="
    },
    "yamljs": {
      "version": "0.3.0",
      "resolved": "https://registry.npmjs.org/yamljs/-/yamljs-0.3.0.tgz",
      "integrity": "sha512-C/FsVVhht4iPQYXOInoxUM/1ELSf9EsgKH34FofQOp6hwCPrW4vG4w5++TED3xRUo8gD7l0P1J1dLlDYzODsTQ=="
    }
  }
}
